{
  "name": "homecore",
  "version": "0.1.0",
  "lockfileVersion": 3,
  "requires": true,
  "packages": {
    "": {
      "name": "homecore",
      "version": "0.1.0",
      "license": "MIT",
      "dependencies": {
        "@metaharness/kernel": "0.1.2"
      },
      "bin": {
        "homecore": "bin/cli.js"
      },
      "engines": {
        "node": ">=20.0.0"
      }
    },
    "node_modules/@metaharness/kernel": {
      "version": "0.1.2",
      "resolved": "https://registry.npmjs.org/@metaharness/kernel/-/kernel-0.1.2.tgz",
      "integrity": "sha512-3+8blfjmxXq1Pc7ixMs/mtH4GnQr9U+DUJlLPwHjf803gKrTQKW4l1uLU10n9FwqmIHCbuC+7kBXhGbaE9LQBg==",
      "license": "MIT",
      "dependencies": {
        "@ruvector/emergent-time": "^0.1.0"
      },
      "engines": {
        "node": ">=20.0.0"
      },
      "optionalDependencies": {
        "@metaharness/kernel-darwin-arm64": "0.1.0",
        "@metaharness/kernel-darwin-x64": "0.1.0",
        "@metaharness/kernel-linux-arm64-gnu": "0.1.0",
        "@metaharness/kernel-linux-x64-gnu": "0.1.0",
        "@metaharness/kernel-win32-x64-msvc": "0.1.0"
      },
      "peerDependencies": {
        "@ruvector/rvf": "^0.2.0"
      },
      "peerDependenciesMeta": {
        "@ruvector/rvf": {
          "optional": true
        }
      }
    },
    "node_modules/@metaharness/kernel/node_modules/@metaharness/kernel-darwin-arm64": {
      "optional": true
    },
    "node_modules/@metaharness/kernel/node_modules/@metaharness/kernel-darwin-x64": {
      "optional": true
    },
    "node_modules/@metaharness/kernel/node_modules/@metaharness/kernel-linux-arm64-gnu": {
      "optional": true
    },
    "node_modules/@metaharness/kernel/node_modules/@metaharness/kernel-linux-x64-gnu": {
      "optional": true
    },
    "node_modules/@metaharness/kernel/node_modules/@metaharness/kernel-win32-x64-msvc": {
      "optional": true
    },
    "node_modules/@ruvector/emergent-time": {
      "version": "0.1.0",
      "resolved": "https://registry.npmjs.org/@ruvector/emergent-time/-/emergent-time-0.1.0.tgz",
      "integrity": "sha512-GNy6SSvp44xgWREezVLbnY5F41Wa4AF7hFeE2drYh5MOon+RwxymfNlsjBoAL+osZj44DigPN1lD/yBcv8J8Dg==",
      "license": "MIT"
    }
  }
}
